// !$*UTF8*$!
{
	archiveVersion = 1;
	classes = {
	};
	objectVersion = 56;
	objects = {

/* Begin PBXBuildFile section */
		793611C4296A2FBD004376CE /* Budget_TrackerApp.swift in Sources */ = {isa = PBXBuildFile; fileRef = 793611C3296A2FBD004376CE /* Budget_TrackerApp.swift */; };
		793611C6296A2FBD004376CE /* ContentView.swift in Sources */ = {isa = PBXBuildFile; fileRef = 793611C5296A2FBD004376CE /* ContentView.swift */; };
		793611C8296A2FBF004376CE /* Assets.xcassets in Resources */ = {isa = PBXBuildFile; fileRef = 793611C7296A2FBF004376CE /* Assets.xcassets */; };
		793611CB296A2FBF004376CE /* Preview Assets.xcassets in Resources */ = {isa = PBXBuildFile; fileRef = 793611CA296A2FBF004376CE /* Preview Assets.xcassets */; };
		793611D2296A30A4004376CE /* HomeView.swift in Sources */ = {isa = PBXBuildFile; fileRef = 793611D1296A30A4004376CE /* HomeView.swift */; };
		793611D4296A4942004376CE /* VisualBlurEffect.swift in Sources */ = {isa = PBXBuildFile; fileRef = 793611D3296A4942004376CE /* VisualBlurEffect.swift */; };
		793611D6296A4A09004376CE /* ModalView.swift in Sources */ = {isa = PBXBuildFile; fileRef = 793611D5296A4A09004376CE /* ModalView.swift */; };
		793611D8296A4E7B004376CE /* DropdownMenuOption.swift in Sources */ = {isa = PBXBuildFile; fileRef = 793611D7296A4E7B004376CE /* DropdownMenuOption.swift */; };
		793611DA296A4F67004376CE /* DropdownMenu.swift in Sources */ = {isa = PBXBuildFile; fileRef = 793611D9296A4F67004376CE /* DropdownMenu.swift */; };
		793611DC296A5268004376CE /* DropdownMenuList.swift in Sources */ = {isa = PBXBuildFile; fileRef = 793611DB296A5268004376CE /* DropdownMenuList.swift */; };
		793611DE296A5367004376CE /* DropdownMenuListRow.swift in Sources */ = {isa = PBXBuildFile; fileRef = 793611DD296A5367004376CE /* DropdownMenuListRow.swift */; };
		793611E0296A56B7004376CE /* DropdownMenuView.swift in Sources */ = {isa = PBXBuildFile; fileRef = 793611DF296A56B7004376CE /* DropdownMenuView.swift */; };
/* End PBXBuildFile section */

/* Begin PBXFileReference section */
		793611C0296A2FBD004376CE /* Budget Tracker.app */ = {isa = PBXFileReference; explicitFileType = wrapper.application; includeInIndex = 0; path = "Budget Tracker.app"; sourceTree = BUILT_PRODUCTS_DIR; };
		793611C3296A2FBD004376CE /* Budget_TrackerApp.swift */ = {isa = PBXFileReference; lastKnownFileType = sourcecode.swift; path = Budget_TrackerApp.swift; sourceTree = "<group>"; };
		793611C5296A2FBD004376CE /* ContentView.swift */ = {isa = PBXFileReference; lastKnownFileType = sourcecode.swift; path = ContentView.swift; sourceTree = "<group>"; };
		793611C7296A2FBF004376CE /* Assets.xcassets */ = {isa = PBXFileReference; lastKnownFileType = folder.assetcatalog; path = Assets.xcassets; sourceTree = "<group>"; };
		793611CA296A2FBF004376CE /* Preview Assets.xcassets */ = {isa = PBXFileReference; lastKnownFileType = folder.assetcatalog; path = "Preview Assets.xcassets"; sourceTree = "<group>"; };
		793611D1296A30A4004376CE /* HomeView.swift */ = {isa = PBXFileReference; lastKnownFileType = sourcecode.swift; path = HomeView.swift; sourceTree = "<group>"; };
		793611D3296A4942004376CE /* VisualBlurEffect.swift */ = {isa = PBXFileReference; lastKnownFileType = sourcecode.swift; path = VisualBlurEffect.swift; sourceTree = "<group>"; };
		793611D5296A4A09004376CE /* ModalView.swift */ = {isa = PBXFileReference; lastKnownFileType = sourcecode.swift; path = ModalView.swift; sourceTree = "<group>"; };
		793611D7296A4E7B004376CE /* DropdownMenuOption.swift */ = {isa = PBXFileReference; lastKnownFileType = sourcecode.swift; path = DropdownMenuOption.swift; sourceTree = "<group>"; };
		793611D9296A4F67004376CE /* DropdownMenu.swift */ = {isa = PBXFileReference; lastKnownFileType = sourcecode.swift; path = DropdownMenu.swift; sourceTree = "<group>"; };
		793611DB296A5268004376CE /* DropdownMenuList.swift */ = {isa = PBXFileReference; lastKnownFileType = sourcecode.swift; path = DropdownMenuList.swift; sourceTree = "<group>"; };
		793611DD296A5367004376CE /* DropdownMenuListRow.swift */ = {isa = PBXFileReference; lastKnownFileType = sourcecode.swift; path = DropdownMenuListRow.swift; sourceTree = "<group>"; };
		793611DF296A56B7004376CE /* DropdownMenuView.swift */ = {isa = PBXFileReference; lastKnownFileType = sourcecode.swift; path = DropdownMenuView.swift; sourceTree = "<group>"; };
/* End PBXFileReference section */

/* Begin PBXFrameworksBuildPhase section */
		793611BD296A2FBD004376CE /* Frameworks */ = {
			isa = PBXFrameworksBuildPhase;
			buildActionMask = 2147483647;
			files = (
			);
			runOnlyForDeploymentPostprocessing = 0;
		};
/* End PBXFrameworksBuildPhase section */

/* Begin PBXGroup section */
		793611B7296A2FBD004376CE = {
			isa = PBXGroup;
			children = (
				793611C2296A2FBD004376CE /* Budget Tracker */,
				793611C1296A2FBD004376CE /* Products */,
			);
			sourceTree = "<group>";
		};
		793611C1296A2FBD004376CE /* Products */ = {
			isa = PBXGroup;
			children = (
				793611C0296A2FBD004376CE /* Budget Tracker.app */,
			);
			name = Products;
			sourceTree = "<group>";
		};
		793611C2296A2FBD004376CE /* Budget Tracker */ = {
			isa = PBXGroup;
			children = (
				793611C3296A2FBD004376CE /* Budget_TrackerApp.swift */,
				793611C5296A2FBD004376CE /* ContentView.swift */,
				793611C7296A2FBF004376CE /* Assets.xcassets */,
				793611D1296A30A4004376CE /* HomeView.swift */,
				793611D3296A4942004376CE /* VisualBlurEffect.swift */,
				793611D5296A4A09004376CE /* ModalView.swift */,
				793611E1296A5A0C004376CE /* DropdownMenu */,
				793611C9296A2FBF004376CE /* Preview Content */,
			);
			path = "Budget Tracker";
			sourceTree = "<group>";
		};
		793611C9296A2FBF004376CE /* Preview Content */ = {
			isa = PBXGroup;
			children = (
				793611CA296A2FBF004376CE /* Preview Assets.xcassets */,
			);
			path = "Preview Content";
			sourceTree = "<group>";
		};
		793611E1296A5A0C004376CE /* DropdownMenu */ = {
			isa = PBXGroup;
			children = (
				793611D9296A4F67004376CE /* DropdownMenu.swift */,
				793611DF296A56B7004376CE /* DropdownMenuView.swift */,
				793611D7296A4E7B004376CE /* DropdownMenuOption.swift */,
				793611DB296A5268004376CE /* DropdownMenuList.swift */,
				793611DD296A5367004376CE /* DropdownMenuListRow.swift */,
			);
			path = DropdownMenu;
			sourceTree = "<group>";
		};
/* End PBXGroup section */

/* Begin PBXNativeTarget section */
		793611BF296A2FBD004376CE /* Budget Tracker */ = {
			isa = PBXNativeTarget;
			buildConfigurationList = 793611CE296A2FBF004376CE /* Build configuration list for PBXNativeTarget "Budget Tracker" */;
			buildPhases = (
				793611BC296A2FBD004376CE /* Sources */,
				793611BD296A2FBD004376CE /* Frameworks */,
				793611BE296A2FBD004376CE /* Resources */,
			);
			buildRules = (
			);
			dependencies = (
			);
			name = "Budget Tracker";
			productName = "Budget Tracker";
			productReference = 793611C0296A2FBD004376CE /* Budget Tracker.app */;
			productType = "com.apple.product-type.application";
		};
/* End PBXNativeTarget section */

/* Begin PBXProject section */
		793611B8296A2FBD004376CE /* Project object */ = {
			isa = PBXProject;
			attributes = {
				BuildIndependentTargetsInParallel = 1;
				LastSwiftUpdateCheck = 1420;
				LastUpgradeCheck = 1420;
				TargetAttributes = {
					793611BF296A2FBD004376CE = {
						CreatedOnToolsVersion = 14.2;
					};
				};
			};
			buildConfigurationList = 793611BB296A2FBD004376CE /* Build configuration list for PBXProject "Budget Tracker" */;
			compatibilityVersion = "Xcode 14.0";
			developmentRegion = en;
			hasScannedForEncodings = 0;
			knownRegions = (
				en,
				Base,
			);
			mainGroup = 793611B7296A2FBD004376CE;
			productRefGroup = 793611C1296A2FBD004376CE /* Products */;
			projectDirPath = "";
			projectRoot = "";
			targets = (
				793611BF296A2FBD004376CE /* Budget Tracker */,
			);
		};
/* End PBXProject section */

/* Begin PBXResourcesBuildPhase section */
		793611BE296A2FBD004376CE /* Resources */ = {
			isa = PBXResourcesBuildPhase;
			buildActionMask = 2147483647;
			files = (
				793611CB296A2FBF004376CE /* Preview Assets.xcassets in Resources */,
				793611C8296A2FBF004376CE /* Assets.xcassets in Resources */,
			);
			runOnlyForDeploymentPostprocessing = 0;
		};
/* End PBXResourcesBuildPhase section */

/* Begin PBXSourcesBuildPhase section */
		793611BC296A2FBD004376CE /* Sources */ = {
			isa = PBXSourcesBuildPhase;
			buildActionMask = 2147483647;
			files = (
				793611E0296A56B7004376CE /* DropdownMenuView.swift in Sources */,
				793611D8296A4E7B004376CE /* DropdownMenuOption.swift in Sources */,
				793611D2296A30A4004376CE /* HomeView.swift in Sources */,
				793611C6296A2FBD004376CE /* ContentView.swift in Sources */,
				793611DE296A5367004376CE /* DropdownMenuListRow.swift in Sources */,
				793611C4296A2FBD004376CE /* Budget_TrackerApp.swift in Sources */,
				793611D4296A4942004376CE /* VisualBlurEffect.swift in Sources */,
				793611D6296A4A09004376CE /* ModalView.swift in Sources */,
				793611DA296A4F67004376CE /* DropdownMenu.swift in Sources */,
				793611DC296A5268004376CE /* DropdownMenuList.swift in Sources */,
			);
			runOnlyForDeploymentPostprocessing = 0;
		};
/* End PBXSourcesBuildPhase section */

/* Begin XCBuildConfiguration section */
		793611CC296A2FBF004376CE /* Debug */ = {
			isa = XCBuildConfiguration;
			buildSettings = {
				ALWAYS_SEARCH_USER_PATHS = NO;
				CLANG_ANALYZER_NONNULL = YES;
				CLANG_ANALYZER_NUMBER_OBJECT_CONVERSION = YES_AGGRESSIVE;
				CLANG_CXX_LANGUAGE_STANDARD = "gnu++20";
				CLANG_ENABLE_MODULES = YES;
				CLANG_ENABLE_OBJC_ARC = YES;
				CLANG_ENABLE_OBJC_WEAK = YES;
				CLANG_WARN_BLOCK_CAPTURE_AUTORELEASING = YES;
				CLANG_WARN_BOOL_CONVERSION = YES;
				CLANG_WARN_COMMA = YES;
				CLANG_WARN_CONSTANT_CONVERSION = YES;
				CLANG_WARN_DEPRECATED_OBJC_IMPLEMENTATIONS = YES;
				CLANG_WARN_DIRECT_OBJC_ISA_USAGE = YES_ERROR;
				CLANG_WARN_DOCUMENTATION_COMMENTS = YES;
				CLANG_WARN_EMPTY_BODY = YES;
				CLANG_WARN_ENUM_CONVERSION = YES;
				CLANG_WARN_INFINITE_RECURSION = YES;
				CLANG_WARN_INT_CONVERSION = YES;
				CLANG_WARN_NON_LITERAL_NULL_CONVERSION = YES;
				CLANG_WARN_OBJC_IMPLICIT_RETAIN_SELF = YES;
				CLANG_WARN_OBJC_LITERAL_CONVERSION = YES;
				CLANG_WARN_OBJC_ROOT_CLASS = YES_ERROR;
				CLANG_WARN_QUOTED_INCLUDE_IN_FRAMEWORK_HEADER = YES;
				CLANG_WARN_RANGE_LOOP_ANALYSIS = YES;
				CLANG_WARN_STRICT_PROTOTYPES = YES;
				CLANG_WARN_SUSPICIOUS_MOVE = YES;
				CLANG_WARN_UNGUARDED_AVAILABILITY = YES_AGGRESSIVE;
				CLANG_WARN_UNREACHABLE_CODE = YES;
				CLANG_WARN__DUPLICATE_METHOD_MATCH = YES;
				COPY_PHASE_STRIP = NO;
				DEBUG_INFORMATION_FORMAT = dwarf;
				ENABLE_STRICT_OBJC_MSGSEND = YES;
				ENABLE_TESTABILITY = YES;
				GCC_C_LANGUAGE_STANDARD = gnu11;
				GCC_DYNAMIC_NO_PIC = NO;
				GCC_NO_COMMON_BLOCKS = YES;
				GCC_OPTIMIZATION_LEVEL = 0;
				GCC_PREPROCESSOR_DEFINITIONS = (
					"DEBUG=1",
					"$(inherited)",
				);
				GCC_WARN_64_TO_32_BIT_CONVERSION = YES;
				GCC_WARN_ABOUT_RETURN_TYPE = YES_ERROR;
				GCC_WARN_UNDECLARED_SELECTOR = YES;
				GCC_WARN_UNINITIALIZED_AUTOS = YES_AGGRESSIVE;
				GCC_WARN_UNUSED_FUNCTION = YES;
				GCC_WARN_UNUSED_VARIABLE = YES;
				IPHONEOS_DEPLOYMENT_TARGET = 16.2;
				MTL_ENABLE_DEBUG_INFO = INCLUDE_SOURCE;
				MTL_FAST_MATH = YES;
				ONLY_ACTIVE_ARCH = YES;
				SDKROOT = iphoneos;
				SWIFT_ACTIVE_COMPILATION_CONDITIONS = DEBUG;
				SWIFT_OPTIMIZATION_LEVEL = "-Onone";
			};
			name = Debug;
		};
		793611CD296A2FBF004376CE /* Release */ = {
			isa = XCBuildConfiguration;
			buildSettings = {
				ALWAYS_SEARCH_USER_PATHS = NO;
				CLANG_ANALYZER_NONNULL = YES;
				CLANG_ANALYZER_NUMBER_OBJECT_CONVERSION = YES_AGGRESSIVE;
				CLANG_CXX_LANGUAGE_STANDARD = "gnu++20";
				CLANG_ENABLE_MODULES = YES;
				CLANG_ENABLE_OBJC_ARC = YES;
				CLANG_ENABLE_OBJC_WEAK = YES;
				CLANG_WARN_BLOCK_CAPTURE_AUTORELEASING = YES;
				CLANG_WARN_BOOL_CONVERSION = YES;
				CLANG_WARN_COMMA = YES;
				CLANG_WARN_CONSTANT_CONVERSION = YES;
				CLANG_WARN_DEPRECATED_OBJC_IMPLEMENTATIONS = YES;
				CLANG_WARN_DIRECT_OBJC_ISA_USAGE = YES_ERROR;
				CLANG_WARN_DOCUMENTATION_COMMENTS = YES;
				CLANG_WARN_EMPTY_BODY = YES;
				CLANG_WARN_ENUM_CONVERSION = YES;
				CLANG_WARN_INFINITE_RECURSION = YES;
				CLANG_WARN_INT_CONVERSION = YES;
				CLANG_WARN_NON_LITERAL_NULL_CONVERSION = YES;
				CLANG_WARN_OBJC_IMPLICIT_RETAIN_SELF = YES;
				CLANG_WARN_OBJC_LITERAL_CONVERSION = YES;
				CLANG_WARN_OBJC_ROOT_CLASS = YES_ERROR;
				CLANG_WARN_QUOTED_INCLUDE_IN_FRAMEWORK_HEADER = YES;
				CLANG_WARN_RANGE_LOOP_ANALYSIS = YES;
				CLANG_WARN_STRICT_PROTOTYPES = YES;
				CLANG_WARN_SUSPICIOUS_MOVE = YES;
				CLANG_WARN_UNGUARDED_AVAILABILITY = YES_AGGRESSIVE;
				CLANG_WARN_UNREACHABLE_CODE = YES;
				CLANG_WARN__DUPLICATE_METHOD_MATCH = YES;
				COPY_PHASE_STRIP = NO;
				DEBUG_INFORMATION_FORMAT = "dwarf-with-dsym";
				ENABLE_NS_ASSERTIONS = NO;
				ENABLE_STRICT_OBJC_MSGSEND = YES;
				GCC_C_LANGUAGE_STANDARD = gnu11;
				GCC_NO_COMMON_BLOCKS = YES;
				GCC_WARN_64_TO_32_BIT_CONVERSION = YES;
				GCC_WARN_ABOUT_RETURN_TYPE = YES_ERROR;
				GCC_WARN_UNDECLARED_SELECTOR = YES;
				GCC_WARN_UNINITIALIZED_AUTOS = YES_AGGRESSIVE;
				GCC_WARN_UNUSED_FUNCTION = YES;
				GCC_WARN_UNUSED_VARIABLE = YES;
				IPHONEOS_DEPLOYMENT_TARGET = 16.2;
				MTL_ENABLE_DEBUG_INFO = NO;
				MTL_FAST_MATH = YES;
				SDKROOT = iphoneos;
				SWIFT_COMPILATION_MODE = wholemodule;
				SWIFT_OPTIMIZATION_LEVEL = "-O";
				VALIDATE_PRODUCT = YES;
			};
			name = Release;
		};
		793611CF296A2FBF004376CE /* Debug */ = {
			isa = XCBuildConfiguration;
			buildSettings = {
				ASSETCATALOG_COMPILER_APPICON_NAME = AppIcon;
				ASSETCATALOG_COMPILER_GLOBAL_ACCENT_COLOR_NAME = AccentColor;
				CODE_SIGN_STYLE = Automatic;
				CURRENT_PROJECT_VERSION = 1;
				DEVELOPMENT_ASSET_PATHS = "\"Budget Tracker/Preview Content\"";
				DEVELOPMENT_TEAM = YCB5A526D2;
				ENABLE_PREVIEWS = YES;
				GENERATE_INFOPLIST_FILE = YES;
				INFOPLIST_KEY_UIApplicationSceneManifest_Generation = YES;
				INFOPLIST_KEY_UIApplicationSupportsIndirectInputEvents = YES;
				INFOPLIST_KEY_UILaunchScreen_Generation = YES;
				INFOPLIST_KEY_UISupportedInterfaceOrientations_iPad = "UIInterfaceOrientationPortrait UIInterfaceOrientationPortraitUpsideDown UIInterfaceOrientationLandscapeLeft UIInterfaceOrientationLandscapeRight";
				INFOPLIST_KEY_UISupportedInterfaceOrientations_iPhone = "UIInterfaceOrientationPortrait UIInterfaceOrientationLandscapeLeft UIInterfaceOrientationLandscapeRight";
				LD_RUNPATH_SEARCH_PATHS = (
					"$(inherited)",
					"@executable_path/Frameworks",
				);
				MARKETING_VERSION = 1.0;
				PRODUCT_BUNDLE_IDENTIFIER = "rndmking.Budget-Tracker";
				PRODUCT_NAME = "$(TARGET_NAME)";
				SWIFT_EMIT_LOC_STRINGS = YES;
				SWIFT_VERSION = 5.0;
				TARGETED_DEVICE_FAMILY = "1,2";
			};
			name = Debug;
		};
		793611D0296A2FBF004376CE /* Release */ = {
			isa = XCBuildConfiguration;
			buildSettings = {
				ASSETCATALOG_COMPILER_APPICON_NAME = AppIcon;
				ASSETCATALOG_COMPILER_GLOBAL_ACCENT_COLOR_NAME = AccentColor;
				CODE_SIGN_STYLE = Automatic;
				CURRENT_PROJECT_VERSION = 1;
				DEVELOPMENT_ASSET_PATHS = "\"Budget Tracker/Preview Content\"";
				DEVELOPMENT_TEAM = YCB5A526D2;
				ENABLE_PREVIEWS = YES;
				GENERATE_INFOPLIST_FILE = YES;
				INFOPLIST_KEY_UIApplicationSceneManifest_Generation = YES;
				INFOPLIST_KEY_UIApplicationSupportsIndirectInputEvents = YES;
				INFOPLIST_KEY_UILaunchScreen_Generation = YES;
				INFOPLIST_KEY_UISupportedInterfaceOrientations_iPad = "UIInterfaceOrientationPortrait UIInterfaceOrientationPortraitUpsideDown UIInterfaceOrientationLandscapeLeft UIInterfaceOrientationLandscapeRight";
				INFOPLIST_KEY_UISupportedInterfaceOrientations_iPhone = "UIInterfaceOrientationPortrait UIInterfaceOrientationLandscapeLeft UIInterfaceOrientationLandscapeRight";
				LD_RUNPATH_SEARCH_PATHS = (
					"$(inherited)",
					"@executable_path/Frameworks",
				);
				MARKETING_VERSION = 1.0;
				PRODUCT_BUNDLE_IDENTIFIER = "rndmking.Budget-Tracker";
				PRODUCT_NAME = "$(TARGET_NAME)";
				SWIFT_EMIT_LOC_STRINGS = YES;
				SWIFT_VERSION = 5.0;
				TARGETED_DEVICE_FAMILY = "1,2";
			};
			name = Release;
		};
/* End XCBuildConfiguration section */

/* Begin XCConfigurationList section */
		793611BB296A2FBD004376CE /* Build configuration list for PBXProject "Budget Tracker" */ = {
			isa = XCConfigurationList;
			buildConfigurations = (
				793611CC296A2FBF004376CE /* Debug */,
				793611CD296A2FBF004376CE /* Release */,
			);
			defaultConfigurationIsVisible = 0;
			defaultConfigurationName = Release;
		};
		793611CE296A2FBF004376CE /* Build configuration list for PBXNativeTarget "Budget Tracker" */ = {
			isa = XCConfigurationList;
			buildConfigurations = (
				793611CF296A2FBF004376CE /* Debug */,
				793611D0296A2FBF004376CE /* Release */,
			);
			defaultConfigurationIsVisible = 0;
			defaultConfigurationName = Release;
		};
/* End XCConfigurationList section */
	};
	rootObject = 793611B8296A2FBD004376CE /* Project object */;
}
